
Microsoft Visual Studio Solution File, Format Version 12.00
# Visual Studio Version 17
VisualStudioVersion = 17.1.32210.238
MinimumVisualStudioVersion = 10.0.40219.1
Project("{FAE04EC0-301F-11D3-BF4B-00C04F79EFBC}") = "ListasCsharp", "ListasCsharp\ListasCsharp.csproj", "{5026CE54-4C5C-4DD5-95AD-C72265981897}"
EndProject
Global
	GlobalSection(SolutionConfigurationPlatforms) = preSolution
		Debug|Any CPU = Debug|Any CPU
		Release|Any CPU = Release|Any CPU
	EndGlobalSection
	GlobalSection(ProjectConfigurationPlatforms) = postSolution
		{5026CE54-4C5C-4DD5-95AD-C72265981897}.Debug|Any CPU.ActiveCfg = Debug|Any CPU
		{5026CE54-4C5C-4DD5-95AD-C72265981897}.Debug|Any CPU.Build.0 = Debug|Any CPU
		{5026CE54-4C5C-4DD5-95AD-C72265981897}.Release|Any CPU.ActiveCfg = Release|Any CPU
		{5026CE54-4C5C-4DD5-95AD-C72265981897}.Release|Any CPU.Build.0 = Release|Any CPU
	EndGlobalSection
	GlobalSection(SolutionProperties) = preSolution
		HideSolutionNode = FALSE
	EndGlobalSection
	GlobalSection(ExtensibilityGlobals) = postSolution
		SolutionGuid = {1600B092-92E7-4B52-9547-5F801EDBF260}
	EndGlobalSection
EndGlobal
